// !$*UTF8*$!
{
	archiveVersion = 1;
	classes = {
	};
	objectVersion = 50;
	objects = {

/* Begin PBXBuildFile section */
		7EC9034A2733C0C400835C7B /* AppDelegate.swift in Sources */ = {isa = PBXBuildFile; fileRef = 7EC903492733C0C400835C7B /* AppDelegate.swift */; };
		7EC9034C2733C0C400835C7B /* SceneDelegate.swift in Sources */ = {isa = PBXBuildFile; fileRef = 7EC9034B2733C0C400835C7B /* SceneDelegate.swift */; };
		7EC9034E2733C0C400835C7B /* ContentView.swift in Sources */ = {isa = PBXBuildFile; fileRef = 7EC9034D2733C0C400835C7B /* ContentView.swift */; };
		7EC903502733C0CC00835C7B /* Assets.xcassets in Resources */ = {isa = PBXBuildFile; fileRef = 7EC9034F2733C0CC00835C7B /* Assets.xcassets */; };
		7EC903532733C0CC00835C7B /* Preview Assets.xcassets in Resources */ = {isa = PBXBuildFile; fileRef = 7EC903522733C0CC00835C7B /* Preview Assets.xcassets */; };
		7EC903562733C0CC00835C7B /* LaunchScreen.storyboard in Resources */ = {isa = PBXBuildFile; fileRef = 7EC903542733C0CC00835C7B /* LaunchScreen.storyboard */; };
		7EC9035F2733C7AB00835C7B /* Pacifico-Regular.ttf in Resources */ = {isa = PBXBuildFile; fileRef = 7EC9035E2733C7AA00835C7B /* Pacifico-Regular.ttf */; };
		7EC903612733DB8200835C7B /* InfoView.swift in Sources */ = {isa = PBXBuildFile; fileRef = 7EC903602733DB8200835C7B /* InfoView.swift */; };
/* End PBXBuildFile section */

/* Begin PBXFileReference section */
		7EC903462733C0C400835C7B /* JanetCard.app */ = {isa = PBXFileReference; explicitFileType = wrapper.application; includeInIndex = 0; path = JanetCard.app; sourceTree = BUILT_PRODUCTS_DIR; };
		7EC903492733C0C400835C7B /* AppDelegate.swift */ = {isa = PBXFileReference; lastKnownFileType = sourcecode.swift; path = AppDelegate.swift; sourceTree = "<group>"; };
		7EC9034B2733C0C400835C7B /* SceneDelegate.swift */ = {isa = PBXFileReference; lastKnownFileType = sourcecode.swift; path = SceneDelegate.swift; sourceTree = "<group>"; };
		7EC9034D2733C0C400835C7B /* ContentView.swift */ = {isa = PBXFileReference; lastKnownFileType = sourcecode.swift; path = ContentView.swift; sourceTree = "<group>"; };
		7EC9034F2733C0CC00835C7B /* Assets.xcassets */ = {isa = PBXFileReference; lastKnownFileType = folder.assetcatalog; path = Assets.xcassets; sourceTree = "<group>"; };
		7EC903522733C0CC00835C7B /* Preview Assets.xcassets */ = {isa = PBXFileReference; lastKnownFileType = folder.assetcatalog; path = "Preview Assets.xcassets"; sourceTree = "<group>"; };
		7EC903552733C0CC00835C7B /* Base */ = {isa = PBXFileReference; lastKnownFileType = file.storyboard; name = Base; path = Base.lproj/LaunchScreen.storyboard; sourceTree = "<group>"; };
		7EC903572733C0CC00835C7B /* Info.plist */ = {isa = PBXFileReference; lastKnownFileType = text.plist.xml; path = Info.plist; sourceTree = "<group>"; };
		7EC9035E2733C7AA00835C7B /* Pacifico-Regular.ttf */ = {isa = PBXFileReference; lastKnownFileType = file; path = "Pacifico-Regular.ttf"; sourceTree = "<group>"; };
		7EC903602733DB8200835C7B /* InfoView.swift */ = {isa = PBXFileReference; lastKnownFileType = sourcecode.swift; path = InfoView.swift; sourceTree = "<group>"; };
/* End PBXFileReference section */

/* Begin PBXFrameworksBuildPhase section */
		7EC903432733C0C400835C7B /* Frameworks */ = {
			isa = PBXFrameworksBuildPhase;
			buildActionMask = 2147483647;
			files = (
			);
			runOnlyForDeploymentPostprocessing = 0;
		};
/* End PBXFrameworksBuildPhase section */

/* Begin PBXGroup section */
		7EC9033D2733C0C300835C7B = {
			isa = PBXGroup;
			children = (
				7EC903482733C0C400835C7B /* JanetCard */,
				7EC903472733C0C400835C7B /* Products */,
			);
			sourceTree = "<group>";
		};
		7EC903472733C0C400835C7B /* Products */ = {
			isa = PBXGroup;
			children = (
				7EC903462733C0C400835C7B /* JanetCard.app */,
			);
			name = Products;
			sourceTree = "<group>";
		};
		7EC903482733C0C400835C7B /* JanetCard */ = {
			isa = PBXGroup;
			children = (
				7EC9035D2733C74100835C7B /* fonts */,
				7EC903492733C0C400835C7B /* AppDelegate.swift */,
				7EC9034B2733C0C400835C7B /* SceneDelegate.swift */,
				7EC9034D2733C0C400835C7B /* ContentView.swift */,
				7EC903602733DB8200835C7B /* InfoView.swift */,
				7EC9034F2733C0CC00835C7B /* Assets.xcassets */,
				7EC903542733C0CC00835C7B /* LaunchScreen.storyboard */,
				7EC903572733C0CC00835C7B /* Info.plist */,
				7EC903512733C0CC00835C7B /* Preview Content */,
			);
			path = JanetCard;
			sourceTree = "<group>";
		};
		7EC903512733C0CC00835C7B /* Preview Content */ = {
			isa = PBXGroup;
			children = (
				7EC903522733C0CC00835C7B /* Preview Assets.xcassets */,
			);
			path = "Preview Content";
			sourceTree = "<group>";
		};
		7EC9035D2733C74100835C7B /* fonts */ = {
			isa = PBXGroup;
			children = (
				7EC9035E2733C7AA00835C7B /* Pacifico-Regular.ttf */,
			);
			path = fonts;
			sourceTree = "<group>";
		};
/* End PBXGroup section */

/* Begin PBXNativeTarget section */
		7EC903452733C0C400835C7B /* JanetCard */ = {
			isa = PBXNativeTarget;
			buildConfigurationList = 7EC9035A2733C0CC00835C7B /* Build configuration list for PBXNativeTarget "JanetCard" */;
			buildPhases = (
				7EC903422733C0C400835C7B /* Sources */,
				7EC903432733C0C400835C7B /* Frameworks */,
				7EC903442733C0C400835C7B /* Resources */,
			);
			buildRules = (
			);
			dependencies = (
			);
			name = JanetCard;
			productName = JanetCard;
			productReference = 7EC903462733C0C400835C7B /* JanetCard.app */;
			productType = "com.apple.product-type.application";
		};
/* End PBXNativeTarget section */

/* Begin PBXProject section */
		7EC9033E2733C0C300835C7B /* Project object */ = {
			isa = PBXProject;
			attributes = {
				LastSwiftUpdateCheck = 1250;
				LastUpgradeCheck = 1250;
				TargetAttributes = {
					7EC903452733C0C400835C7B = {
						CreatedOnToolsVersion = 12.5.1;
					};
				};
			};
			buildConfigurationList = 7EC903412733C0C300835C7B /* Build configuration list for PBXProject "JanetCard" */;
			compatibilityVersion = "Xcode 9.3";
			developmentRegion = en;
			hasScannedForEncodings = 0;
			knownRegions = (
				en,
				Base,
			);
			mainGroup = 7EC9033D2733C0C300835C7B;
			productRefGroup = 7EC903472733C0C400835C7B /* Products */;
			projectDirPath = "";
			projectRoot = "";
			targets = (
				7EC903452733C0C400835C7B /* JanetCard */,
			);
		};
/* End PBXProject section */

/* Begin PBXResourcesBuildPhase section */
		7EC903442733C0C400835C7B /* Resources */ = {
			isa = PBXResourcesBuildPhase;
			buildActionMask = 2147483647;
			files = (
				7EC903562733C0CC00835C7B /* LaunchScreen.storyboard in Resources */,
				7EC9035F2733C7AB00835C7B /* Pacifico-Regular.ttf in Resources */,
				7EC903532733C0CC00835C7B /* Preview Assets.xcassets in Resources */,
				7EC903502733C0CC00835C7B /* Assets.xcassets in Resources */,
			);
			runOnlyForDeploymentPostprocessing = 0;
		};
/* End PBXResourcesBuildPhase section */

/* Begin PBXSourcesBuildPhase section */
		7EC903422733C0C400835C7B /* Sources */ = {
			isa = PBXSourcesBuildPhase;
			buildActionMask = 2147483647;
			files = (
				7EC903612733DB8200835C7B /* InfoView.swift in Sources */,
				7EC9034A2733C0C400835C7B /* AppDelegate.swift in Sources */,
				7EC9034C2733C0C400835C7B /* SceneDelegate.swift in Sources */,
				7EC9034E2733C0C400835C7B /* ContentView.swift in Sources */,
			);
			runOnlyForDeploymentPostprocessing = 0;
		};
/* End PBXSourcesBuildPhase section */

/* Begin PBXVariantGroup section */
		7EC903542733C0CC00835C7B /* LaunchScreen.storyboard */ = {
			isa = PBXVariantGroup;
			children = (
				7EC903552733C0CC00835C7B /* Base */,
			);
			name = LaunchScreen.storyboard;
			sourceTree = "<group>";
		};
/* End PBXVariantGroup section */

/* Begin XCBuildConfiguration section */
		7EC903582733C0CC00835C7B /* Debug */ = {
			isa = XCBuildConfiguration;
			buildSettings = {
				ALWAYS_SEARCH_USER_PATHS = NO;
				CLANG_ANALYZER_NONNULL = YES;
				CLANG_ANALYZER_NUMBER_OBJECT_CONVERSION = YES_AGGRESSIVE;
				CLANG_CXX_LANGUAGE_STANDARD = "gnu++14";
				CLANG_CXX_LIBRARY = "libc++";
				CLANG_ENABLE_MODULES = YES;
				CLANG_ENABLE_OBJC_ARC = YES;
				CLANG_ENABLE_OBJC_WEAK = YES;
				CLANG_WARN_BLOCK_CAPTURE_AUTORELEASING = YES;
				CLANG_WARN_BOOL_CONVERSION = YES;
				CLANG_WARN_COMMA = YES;
				CLANG_WARN_CONSTANT_CONVERSION = YES;
				CLANG_WARN_DEPRECATED_OBJC_IMPLEMENTATIONS = YES;
				CLANG_WARN_DIRECT_OBJC_ISA_USAGE = YES_ERROR;
				CLANG_WARN_DOCUMENTATION_COMMENTS = YES;
				CLANG_WARN_EMPTY_BODY = YES;
				CLANG_WARN_ENUM_CONVERSION = YES;
				CLANG_WARN_INFINITE_RECURSION = YES;
				CLANG_WARN_INT_CONVERSION = YES;
				CLANG_WARN_NON_LITERAL_NULL_CONVERSION = YES;
				CLANG_WARN_OBJC_IMPLICIT_RETAIN_SELF = YES;
				CLANG_WARN_OBJC_LITERAL_CONVERSION = YES;
				CLANG_WARN_OBJC_ROOT_CLASS = YES_ERROR;
				CLANG_WARN_QUOTED_INCLUDE_IN_FRAMEWORK_HEADER = YES;
				CLANG_WARN_RANGE_LOOP_ANALYSIS = YES;
				CLANG_WARN_STRICT_PROTOTYPES = YES;
				CLANG_WARN_SUSPICIOUS_MOVE = YES;
				CLANG_WARN_UNGUARDED_AVAILABILITY = YES_AGGRESSIVE;
				CLANG_WARN_UNREACHABLE_CODE = YES;
				CLANG_WARN__DUPLICATE_METHOD_MATCH = YES;
				COPY_PHASE_STRIP = NO;
				DEBUG_INFORMATION_FORMAT = dwarf;
				ENABLE_STRICT_OBJC_MSGSEND = YES;
				ENABLE_TESTABILITY = YES;
				GCC_C_LANGUAGE_STANDARD = gnu11;
				GCC_DYNAMIC_NO_PIC = NO;
				GCC_NO_COMMON_BLOCKS = YES;
				GCC_OPTIMIZATION_LEVEL = 0;
				GCC_PREPROCESSOR_DEFINITIONS = (
					"DEBUG=1",
					"$(inherited)",
				);
				GCC_WARN_64_TO_32_BIT_CONVERSION = YES;
				GCC_WARN_ABOUT_RETURN_TYPE = YES_ERROR;
				GCC_WARN_UNDECLARED_SELECTOR = YES;
				GCC_WARN_UNINITIALIZED_AUTOS = YES_AGGRESSIVE;
				GCC_WARN_UNUSED_FUNCTION = YES;
				GCC_WARN_UNUSED_VARIABLE = YES;
				IPHONEOS_DEPLOYMENT_TARGET = 14.5;
				MTL_ENABLE_DEBUG_INFO = INCLUDE_SOURCE;
				MTL_FAST_MATH = YES;
				ONLY_ACTIVE_ARCH = YES;
				SDKROOT = iphoneos;
				SWIFT_ACTIVE_COMPILATION_CONDITIONS = DEBUG;
				SWIFT_OPTIMIZATION_LEVEL = "-Onone";
			};
			name = Debug;
		};
		7EC903592733C0CC00835C7B /* Release */ = {
			isa = XCBuildConfiguration;
			buildSettings = {
				ALWAYS_SEARCH_USER_PATHS = NO;
				CLANG_ANALYZER_NONNULL = YES;
				CLANG_ANALYZER_NUMBER_OBJECT_CONVERSION = YES_AGGRESSIVE;
				CLANG_CXX_LANGUAGE_STANDARD = "gnu++14";
				CLANG_CXX_LIBRARY = "libc++";
				CLANG_ENABLE_MODULES = YES;
				CLANG_ENABLE_OBJC_ARC = YES;
				CLANG_ENABLE_OBJC_WEAK = YES;
				CLANG_WARN_BLOCK_CAPTURE_AUTORELEASING = YES;
				CLANG_WARN_BOOL_CONVERSION = YES;
				CLANG_WARN_COMMA = YES;
				CLANG_WARN_CONSTANT_CONVERSION = YES;
				CLANG_WARN_DEPRECATED_OBJC_IMPLEMENTATIONS = YES;
				CLANG_WARN_DIRECT_OBJC_ISA_USAGE = YES_ERROR;
				CLANG_WARN_DOCUMENTATION_COMMENTS = YES;
				CLANG_WARN_EMPTY_BODY = YES;
				CLANG_WARN_ENUM_CONVERSION = YES;
				CLANG_WARN_INFINITE_RECURSION = YES;
				CLANG_WARN_INT_CONVERSION = YES;
				CLANG_WARN_NON_LITERAL_NULL_CONVERSION = YES;
				CLANG_WARN_OBJC_IMPLICIT_RETAIN_SELF = YES;
				CLANG_WARN_OBJC_LITERAL_CONVERSION = YES;
				CLANG_WARN_OBJC_ROOT_CLASS = YES_ERROR;
				CLANG_WARN_QUOTED_INCLUDE_IN_FRAMEWORK_HEADER = YES;
				CLANG_WARN_RANGE_LOOP_ANALYSIS = YES;
				CLANG_WARN_STRICT_PROTOTYPES = YES;
				CLANG_WARN_SUSPICIOUS_MOVE = YES;
				CLANG_WARN_UNGUARDED_AVAILABILITY = YES_AGGRESSIVE;
				CLANG_WARN_UNREACHABLE_CODE = YES;
				CLANG_WARN__DUPLICATE_METHOD_MATCH = YES;
				COPY_PHASE_STRIP = NO;
				DEBUG_INFORMATION_FORMAT = "dwarf-with-dsym";
				ENABLE_NS_ASSERTIONS = NO;
				ENABLE_STRICT_OBJC_MSGSEND = YES;
				GCC_C_LANGUAGE_STANDARD = gnu11;
				GCC_NO_COMMON_BLOCKS = YES;
				GCC_WARN_64_TO_32_BIT_CONVERSION = YES;
				GCC_WARN_ABOUT_RETURN_TYPE = YES_ERROR;
				GCC_WARN_UNDECLARED_SELECTOR = YES;
				GCC_WARN_UNINITIALIZED_AUTOS = YES_AGGRESSIVE;
				GCC_WARN_UNUSED_FUNCTION = YES;
				GCC_WARN_UNUSED_VARIABLE = YES;
				IPHONEOS_DEPLOYMENT_TARGET = 14.5;
				MTL_ENABLE_DEBUG_INFO = NO;
				MTL_FAST_MATH = YES;
				SDKROOT = iphoneos;
				SWIFT_COMPILATION_MODE = wholemodule;
				SWIFT_OPTIMIZATION_LEVEL = "-O";
				VALIDATE_PRODUCT = YES;
			};
			name = Release;
		};
		7EC9035B2733C0CC00835C7B /* Debug */ = {
			isa = XCBuildConfiguration;
			buildSettings = {
				ASSETCATALOG_COMPILER_APPICON_NAME = AppIcon;
				ASSETCATALOG_COMPILER_GLOBAL_ACCENT_COLOR_NAME = AccentColor;
				CODE_SIGN_STYLE = Automatic;
				DEVELOPMENT_ASSET_PATHS = "\"JanetCard/Preview Content\"";
				ENABLE_PREVIEWS = YES;
				INFOPLIST_FILE = JanetCard/Info.plist;
				LD_RUNPATH_SEARCH_PATHS = (
					"$(inherited)",
					"@executable_path/Frameworks",
				);
				PRODUCT_BUNDLE_IDENTIFIER = com.Janetyao.JanetCard;
				PRODUCT_NAME = "$(TARGET_NAME)";
				SWIFT_VERSION = 5.0;
				TARGETED_DEVICE_FAMILY = "1,2";
			};
			name = Debug;
		};
		7EC9035C2733C0CC00835C7B /* Release */ = {
			isa = XCBuildConfiguration;
			buildSettings = {
				ASSETCATALOG_COMPILER_APPICON_NAME = AppIcon;
				ASSETCATALOG_COMPILER_GLOBAL_ACCENT_COLOR_NAME = AccentColor;
				CODE_SIGN_STYLE = Automatic;
				DEVELOPMENT_ASSET_PATHS = "\"JanetCard/Preview Content\"";
				ENABLE_PREVIEWS = YES;
				INFOPLIST_FILE = JanetCard/Info.plist;
				LD_RUNPATH_SEARCH_PATHS = (
					"$(inherited)",
					"@executable_path/Frameworks",
				);
				PRODUCT_BUNDLE_IDENTIFIER = com.Janetyao.JanetCard;
				PRODUCT_NAME = "$(TARGET_NAME)";
				SWIFT_VERSION = 5.0;
				TARGETED_DEVICE_FAMILY = "1,2";
			};
			name = Release;
		};
/* End XCBuildConfiguration section */

/* Begin XCConfigurationList section */
		7EC903412733C0C300835C7B /* Build configuration list for PBXProject "JanetCard" */ = {
			isa = XCConfigurationList;
			buildConfigurations = (
				7EC903582733C0CC00835C7B /* Debug */,
				7EC903592733C0CC00835C7B /* Release */,
			);
			defaultConfigurationIsVisible = 0;
			defaultConfigurationName = Release;
		};
		7EC9035A2733C0CC00835C7B /* Build configuration list for PBXNativeTarget "JanetCard" */ = {
			isa = XCConfigurationList;
			buildConfigurations = (
				7EC9035B2733C0CC00835C7B /* Debug */,
				7EC9035C2733C0CC00835C7B /* Release */,
			);
			defaultConfigurationIsVisible = 0;
			defaultConfigurationName = Release;
		};
/* End XCConfigurationList section */
	};
	rootObject = 7EC9033E2733C0C300835C7B /* Project object */;
}
